
Microsoft Visual Studio Solution File, Format Version 12.00
# Visual Studio Version 17
VisualStudioVersion = 17.11.35327.3
MinimumVisualStudioVersion = 10.0.40219.1
Project("{FAE04EC0-301F-11D3-BF4B-00C04F79EFBC}") = "practice1", "practice1\practice1.csproj", "{C99C554D-1D2A-400C-9CDF-E7681A46D0E2}"
EndProject
Global
	GlobalSection(SolutionConfigurationPlatforms) = preSolution
		Debug|Any CPU = Debug|Any CPU
		Release|Any CPU = Release|Any CPU
	EndGlobalSection
	GlobalSection(ProjectConfigurationPlatforms) = postSolution
		{C99C554D-1D2A-400C-9CDF-E7681A46D0E2}.Debug|Any CPU.ActiveCfg = Debug|Any CPU
		{C99C554D-1D2A-400C-9CDF-E7681A46D0E2}.Debug|Any CPU.Build.0 = Debug|Any CPU
		{C99C554D-1D2A-400C-9CDF-E7681A46D0E2}.Release|Any CPU.ActiveCfg = Release|Any CPU
		{C99C554D-1D2A-400C-9CDF-E7681A46D0E2}.Release|Any CPU.Build.0 = Release|Any CPU
	EndGlobalSection
	GlobalSection(SolutionProperties) = preSolution
		HideSolutionNode = FALSE
	EndGlobalSection
	GlobalSection(ExtensibilityGlobals) = postSolution
		SolutionGuid = {7B50E3D1-AE0A-4AB5-B90F-C1F5E252D5F1}
	EndGlobalSection
EndGlobal
