
Microsoft Visual Studio Solution File, Format Version 12.00
# Visual Studio Version 17
VisualStudioVersion = 17.11.35327.3
MinimumVisualStudioVersion = 10.0.40219.1
Project("{FAE04EC0-301F-11D3-BF4B-00C04F79EFBC}") = "Practice3", "Practice3\Practice3.csproj", "{B37707EB-1EB3-44D6-A45E-A193F0B9290E}"
EndProject
Global
	GlobalSection(SolutionConfigurationPlatforms) = preSolution
		Debug|Any CPU = Debug|Any CPU
		Release|Any CPU = Release|Any CPU
	EndGlobalSection
	GlobalSection(ProjectConfigurationPlatforms) = postSolution
		{B37707EB-1EB3-44D6-A45E-A193F0B9290E}.Debug|Any CPU.ActiveCfg = Debug|Any CPU
		{B37707EB-1EB3-44D6-A45E-A193F0B9290E}.Debug|Any CPU.Build.0 = Debug|Any CPU
		{B37707EB-1EB3-44D6-A45E-A193F0B9290E}.Release|Any CPU.ActiveCfg = Release|Any CPU
		{B37707EB-1EB3-44D6-A45E-A193F0B9290E}.Release|Any CPU.Build.0 = Release|Any CPU
	EndGlobalSection
	GlobalSection(SolutionProperties) = preSolution
		HideSolutionNode = FALSE
	EndGlobalSection
	GlobalSection(ExtensibilityGlobals) = postSolution
		SolutionGuid = {17D975DA-5941-484B-8A31-39A09FBCC3E3}
	EndGlobalSection
EndGlobal
