
Microsoft Visual Studio Solution File, Format Version 12.00
# Visual Studio Version 17
VisualStudioVersion = 17.11.35327.3
MinimumVisualStudioVersion = 10.0.40219.1
Project("{FAE04EC0-301F-11D3-BF4B-00C04F79EFBC}") = "Practice8", "Practice8\Practice8.csproj", "{66CA26C9-1085-4864-B770-C6885FF09A6C}"
EndProject
Global
	GlobalSection(SolutionConfigurationPlatforms) = preSolution
		Debug|Any CPU = Debug|Any CPU
		Release|Any CPU = Release|Any CPU
	EndGlobalSection
	GlobalSection(ProjectConfigurationPlatforms) = postSolution
		{66CA26C9-1085-4864-B770-C6885FF09A6C}.Debug|Any CPU.ActiveCfg = Debug|Any CPU
		{66CA26C9-1085-4864-B770-C6885FF09A6C}.Debug|Any CPU.Build.0 = Debug|Any CPU
		{66CA26C9-1085-4864-B770-C6885FF09A6C}.Release|Any CPU.ActiveCfg = Release|Any CPU
		{66CA26C9-1085-4864-B770-C6885FF09A6C}.Release|Any CPU.Build.0 = Release|Any CPU
	EndGlobalSection
	GlobalSection(SolutionProperties) = preSolution
		HideSolutionNode = FALSE
	EndGlobalSection
	GlobalSection(ExtensibilityGlobals) = postSolution
		SolutionGuid = {AAA6FDCA-C68D-477D-8139-E0B229AAF6CB}
	EndGlobalSection
EndGlobal
