
Microsoft Visual Studio Solution File, Format Version 12.00
# Visual Studio Version 17
VisualStudioVersion = 17.11.35327.3
MinimumVisualStudioVersion = 10.0.40219.1
Project("{FAE04EC0-301F-11D3-BF4B-00C04F79EFBC}") = "Practice4", "Practice4\Practice4.csproj", "{E89D30CA-F44E-40C3-A80B-375C36A857BA}"
EndProject
Global
	GlobalSection(SolutionConfigurationPlatforms) = preSolution
		Debug|Any CPU = Debug|Any CPU
		Release|Any CPU = Release|Any CPU
	EndGlobalSection
	GlobalSection(ProjectConfigurationPlatforms) = postSolution
		{E89D30CA-F44E-40C3-A80B-375C36A857BA}.Debug|Any CPU.ActiveCfg = Debug|Any CPU
		{E89D30CA-F44E-40C3-A80B-375C36A857BA}.Debug|Any CPU.Build.0 = Debug|Any CPU
		{E89D30CA-F44E-40C3-A80B-375C36A857BA}.Release|Any CPU.ActiveCfg = Release|Any CPU
		{E89D30CA-F44E-40C3-A80B-375C36A857BA}.Release|Any CPU.Build.0 = Release|Any CPU
	EndGlobalSection
	GlobalSection(SolutionProperties) = preSolution
		HideSolutionNode = FALSE
	EndGlobalSection
	GlobalSection(ExtensibilityGlobals) = postSolution
		SolutionGuid = {E4287256-3DC7-4FD0-8D6B-DF92FBAA4D6E}
	EndGlobalSection
EndGlobal
