
Microsoft Visual Studio Solution File, Format Version 12.00
# Visual Studio Version 17
VisualStudioVersion = 17.11.35327.3
MinimumVisualStudioVersion = 10.0.40219.1
Project("{FAE04EC0-301F-11D3-BF4B-00C04F79EFBC}") = "Practice3", "Practice3\Practice3.csproj", "{12CFA643-F161-4A02-9FE2-3C1D89788E28}"
EndProject
Global
	GlobalSection(SolutionConfigurationPlatforms) = preSolution
		Debug|Any CPU = Debug|Any CPU
		Release|Any CPU = Release|Any CPU
	EndGlobalSection
	GlobalSection(ProjectConfigurationPlatforms) = postSolution
		{12CFA643-F161-4A02-9FE2-3C1D89788E28}.Debug|Any CPU.ActiveCfg = Debug|Any CPU
		{12CFA643-F161-4A02-9FE2-3C1D89788E28}.Debug|Any CPU.Build.0 = Debug|Any CPU
		{12CFA643-F161-4A02-9FE2-3C1D89788E28}.Release|Any CPU.ActiveCfg = Release|Any CPU
		{12CFA643-F161-4A02-9FE2-3C1D89788E28}.Release|Any CPU.Build.0 = Release|Any CPU
	EndGlobalSection
	GlobalSection(SolutionProperties) = preSolution
		HideSolutionNode = FALSE
	EndGlobalSection
	GlobalSection(ExtensibilityGlobals) = postSolution
		SolutionGuid = {43726E6A-520F-4FE6-B5E5-5E0554913424}
	EndGlobalSection
EndGlobal
